
Microsoft Visual Studio Solution File, Format Version 12.00
# Visual Studio 15
VisualStudioVersion = 15.0.28307.779
MinimumVisualStudioVersion = 10.0.40219.1
Project("{888888A0-9F3D-457C-B088-3A5042F75D52}") = "bottle4", "bottle4\bottle4.pyproj", "{E20A87BE-3A53-49AE-81C6-FF6D832A0468}"
EndProject
Global
	GlobalSection(SolutionConfigurationPlatforms) = preSolution
		Debug|Any CPU = Debug|Any CPU
		Release|Any CPU = Release|Any CPU
	EndGlobalSection
	GlobalSection(ProjectConfigurationPlatforms) = postSolution
		{E20A87BE-3A53-49AE-81C6-FF6D832A0468}.Debug|Any CPU.ActiveCfg = Debug|Any CPU
		{E20A87BE-3A53-49AE-81C6-FF6D832A0468}.Debug|Any CPU.Build.0 = Debug|Any CPU
		{E20A87BE-3A53-49AE-81C6-FF6D832A0468}.Release|Any CPU.ActiveCfg = Release|Any CPU
		{E20A87BE-3A53-49AE-81C6-FF6D832A0468}.Release|Any CPU.Build.0 = Release|Any CPU
	EndGlobalSection
	GlobalSection(SolutionProperties) = preSolution
		HideSolutionNode = FALSE
	EndGlobalSection
	GlobalSection(ExtensibilityGlobals) = postSolution
		SolutionGuid = {D8084AD7-4529-4EB5-88E5-055E1FA9899F}
	EndGlobalSection
EndGlobal
